// !$*UTF8*$!
{
	archiveVersion = 1;
	classes = {
	};
	objectVersion = 56;
	objects = {

/* Begin PBXBuildFile section */
		997874E12B22BC4600946D2E /* DetailView.swift in Sources */ = {isa = PBXBuildFile; fileRef = 997874E02B22BC4600946D2E /* DetailView.swift */; };
		999B51012B21B3BB00BFDDA7 /* DetailViewController.swift in Sources */ = {isa = PBXBuildFile; fileRef = 999B51002B21B3BB00BFDDA7 /* DetailViewController.swift */; };
		999B51032B2203DA00BFDDA7 /* MyTableViewCell.swift in Sources */ = {isa = PBXBuildFile; fileRef = 999B51022B2203DA00BFDDA7 /* MyTableViewCell.swift */; };
		99A364282B216EBE005C1B7A /* AppDelegate.swift in Sources */ = {isa = PBXBuildFile; fileRef = 99A364272B216EBE005C1B7A /* AppDelegate.swift */; };
		99A3642A2B216EBE005C1B7A /* SceneDelegate.swift in Sources */ = {isa = PBXBuildFile; fileRef = 99A364292B216EBE005C1B7A /* SceneDelegate.swift */; };
		99A3642C2B216EBE005C1B7A /* ViewController.swift in Sources */ = {isa = PBXBuildFile; fileRef = 99A3642B2B216EBE005C1B7A /* ViewController.swift */; };
		99A3642F2B216EBE005C1B7A /* Main.storyboard in Resources */ = {isa = PBXBuildFile; fileRef = 99A3642D2B216EBE005C1B7A /* Main.storyboard */; };
		99A364312B216EC0005C1B7A /* Assets.xcassets in Resources */ = {isa = PBXBuildFile; fileRef = 99A364302B216EC0005C1B7A /* Assets.xcassets */; };
		99A364342B216EC0005C1B7A /* LaunchScreen.storyboard in Resources */ = {isa = PBXBuildFile; fileRef = 99A364322B216EC0005C1B7A /* LaunchScreen.storyboard */; };
		99A3643F2B216F00005C1B7A /* Movie.swift in Sources */ = {isa = PBXBuildFile; fileRef = 99A3643E2B216F00005C1B7A /* Movie.swift */; };
		99A364412B216F0D005C1B7A /* DataManager.swift in Sources */ = {isa = PBXBuildFile; fileRef = 99A364402B216F0D005C1B7A /* DataManager.swift */; };
/* End PBXBuildFile section */

/* Begin PBXFileReference section */
		997874E02B22BC4600946D2E /* DetailView.swift */ = {isa = PBXFileReference; lastKnownFileType = sourcecode.swift; path = DetailView.swift; sourceTree = "<group>"; };
		999B51002B21B3BB00BFDDA7 /* DetailViewController.swift */ = {isa = PBXFileReference; lastKnownFileType = sourcecode.swift; path = DetailViewController.swift; sourceTree = "<group>"; };
		999B51022B2203DA00BFDDA7 /* MyTableViewCell.swift */ = {isa = PBXFileReference; lastKnownFileType = sourcecode.swift; path = MyTableViewCell.swift; sourceTree = "<group>"; };
		99A364242B216EBE005C1B7A /* TableViewCode.app */ = {isa = PBXFileReference; explicitFileType = wrapper.application; includeInIndex = 0; path = TableViewCode.app; sourceTree = BUILT_PRODUCTS_DIR; };
		99A364272B216EBE005C1B7A /* AppDelegate.swift */ = {isa = PBXFileReference; lastKnownFileType = sourcecode.swift; path = AppDelegate.swift; sourceTree = "<group>"; };
		99A364292B216EBE005C1B7A /* SceneDelegate.swift */ = {isa = PBXFileReference; lastKnownFileType = sourcecode.swift; path = SceneDelegate.swift; sourceTree = "<group>"; };
		99A3642B2B216EBE005C1B7A /* ViewController.swift */ = {isa = PBXFileReference; lastKnownFileType = sourcecode.swift; path = ViewController.swift; sourceTree = "<group>"; };
		99A3642E2B216EBE005C1B7A /* Base */ = {isa = PBXFileReference; lastKnownFileType = file.storyboard; name = Base; path = Base.lproj/Main.storyboard; sourceTree = "<group>"; };
		99A364302B216EC0005C1B7A /* Assets.xcassets */ = {isa = PBXFileReference; lastKnownFileType = folder.assetcatalog; path = Assets.xcassets; sourceTree = "<group>"; };
		99A364332B216EC0005C1B7A /* Base */ = {isa = PBXFileReference; lastKnownFileType = file.storyboard; name = Base; path = Base.lproj/LaunchScreen.storyboard; sourceTree = "<group>"; };
		99A364352B216EC0005C1B7A /* Info.plist */ = {isa = PBXFileReference; lastKnownFileType = text.plist.xml; path = Info.plist; sourceTree = "<group>"; };
		99A3643E2B216F00005C1B7A /* Movie.swift */ = {isa = PBXFileReference; lastKnownFileType = sourcecode.swift; path = Movie.swift; sourceTree = "<group>"; };
		99A364402B216F0D005C1B7A /* DataManager.swift */ = {isa = PBXFileReference; lastKnownFileType = sourcecode.swift; path = DataManager.swift; sourceTree = "<group>"; };
/* End PBXFileReference section */

/* Begin PBXFrameworksBuildPhase section */
		99A364212B216EBE005C1B7A /* Frameworks */ = {
			isa = PBXFrameworksBuildPhase;
			buildActionMask = 2147483647;
			files = (
			);
			runOnlyForDeploymentPostprocessing = 0;
		};
/* End PBXFrameworksBuildPhase section */

/* Begin PBXGroup section */
		99A3641B2B216EBE005C1B7A = {
			isa = PBXGroup;
			children = (
				99A364262B216EBE005C1B7A /* TableViewCode */,
				99A364252B216EBE005C1B7A /* Products */,
			);
			sourceTree = "<group>";
		};
		99A364252B216EBE005C1B7A /* Products */ = {
			isa = PBXGroup;
			children = (
				99A364242B216EBE005C1B7A /* TableViewCode.app */,
			);
			name = Products;
			sourceTree = "<group>";
		};
		99A364262B216EBE005C1B7A /* TableViewCode */ = {
			isa = PBXGroup;
			children = (
				99A364272B216EBE005C1B7A /* AppDelegate.swift */,
				99A364292B216EBE005C1B7A /* SceneDelegate.swift */,
				99A3643D2B216EE2005C1B7A /* Models */,
				99A3643C2B216EDC005C1B7A /* Views */,
				99A3643B2B216ED4005C1B7A /* Controllers */,
				99A3642D2B216EBE005C1B7A /* Main.storyboard */,
				99A364302B216EC0005C1B7A /* Assets.xcassets */,
				99A364322B216EC0005C1B7A /* LaunchScreen.storyboard */,
				99A364352B216EC0005C1B7A /* Info.plist */,
			);
			path = TableViewCode;
			sourceTree = "<group>";
		};
		99A3643B2B216ED4005C1B7A /* Controllers */ = {
			isa = PBXGroup;
			children = (
				99A3642B2B216EBE005C1B7A /* ViewController.swift */,
				999B51002B21B3BB00BFDDA7 /* DetailViewController.swift */,
			);
			path = Controllers;
			sourceTree = "<group>";
		};
		99A3643C2B216EDC005C1B7A /* Views */ = {
			isa = PBXGroup;
			children = (
				999B51022B2203DA00BFDDA7 /* MyTableViewCell.swift */,
				997874E02B22BC4600946D2E /* DetailView.swift */,
			);
			path = Views;
			sourceTree = "<group>";
		};
		99A3643D2B216EE2005C1B7A /* Models */ = {
			isa = PBXGroup;
			children = (
				99A3643E2B216F00005C1B7A /* Movie.swift */,
				99A364402B216F0D005C1B7A /* DataManager.swift */,
			);
			path = Models;
			sourceTree = "<group>";
		};
/* End PBXGroup section */

/* Begin PBXNativeTarget section */
		99A364232B216EBE005C1B7A /* TableViewCode */ = {
			isa = PBXNativeTarget;
			buildConfigurationList = 99A364382B216EC0005C1B7A /* Build configuration list for PBXNativeTarget "TableViewCode" */;
			buildPhases = (
				99A364202B216EBE005C1B7A /* Sources */,
				99A364212B216EBE005C1B7A /* Frameworks */,
				99A364222B216EBE005C1B7A /* Resources */,
			);
			buildRules = (
			);
			dependencies = (
			);
			name = TableViewCode;
			productName = TableViewCode;
			productReference = 99A364242B216EBE005C1B7A /* TableViewCode.app */;
			productType = "com.apple.product-type.application";
		};
/* End PBXNativeTarget section */

/* Begin PBXProject section */
		99A3641C2B216EBE005C1B7A /* Project object */ = {
			isa = PBXProject;
			attributes = {
				BuildIndependentTargetsInParallel = 1;
				LastSwiftUpdateCheck = 1500;
				LastUpgradeCheck = 1500;
				TargetAttributes = {
					99A364232B216EBE005C1B7A = {
						CreatedOnToolsVersion = 15.0.1;
					};
				};
			};
			buildConfigurationList = 99A3641F2B216EBE005C1B7A /* Build configuration list for PBXProject "TableViewCode" */;
			compatibilityVersion = "Xcode 14.0";
			developmentRegion = en;
			hasScannedForEncodings = 0;
			knownRegions = (
				en,
				Base,
			);
			mainGroup = 99A3641B2B216EBE005C1B7A;
			productRefGroup = 99A364252B216EBE005C1B7A /* Products */;
			projectDirPath = "";
			projectRoot = "";
			targets = (
				99A364232B216EBE005C1B7A /* TableViewCode */,
			);
		};
/* End PBXProject section */

/* Begin PBXResourcesBuildPhase section */
		99A364222B216EBE005C1B7A /* Resources */ = {
			isa = PBXResourcesBuildPhase;
			buildActionMask = 2147483647;
			files = (
				99A364342B216EC0005C1B7A /* LaunchScreen.storyboard in Resources */,
				99A364312B216EC0005C1B7A /* Assets.xcassets in Resources */,
				99A3642F2B216EBE005C1B7A /* Main.storyboard in Resources */,
			);
			runOnlyForDeploymentPostprocessing = 0;
		};
/* End PBXResourcesBuildPhase section */

/* Begin PBXSourcesBuildPhase section */
		99A364202B216EBE005C1B7A /* Sources */ = {
			isa = PBXSourcesBuildPhase;
			buildActionMask = 2147483647;
			files = (
				999B51032B2203DA00BFDDA7 /* MyTableViewCell.swift in Sources */,
				997874E12B22BC4600946D2E /* DetailView.swift in Sources */,
				99A3642C2B216EBE005C1B7A /* ViewController.swift in Sources */,
				99A364412B216F0D005C1B7A /* DataManager.swift in Sources */,
				99A364282B216EBE005C1B7A /* AppDelegate.swift in Sources */,
				999B51012B21B3BB00BFDDA7 /* DetailViewController.swift in Sources */,
				99A3643F2B216F00005C1B7A /* Movie.swift in Sources */,
				99A3642A2B216EBE005C1B7A /* SceneDelegate.swift in Sources */,
			);
			runOnlyForDeploymentPostprocessing = 0;
		};
/* End PBXSourcesBuildPhase section */

/* Begin PBXVariantGroup section */
		99A3642D2B216EBE005C1B7A /* Main.storyboard */ = {
			isa = PBXVariantGroup;
			children = (
				99A3642E2B216EBE005C1B7A /* Base */,
			);
			name = Main.storyboard;
			sourceTree = "<group>";
		};
		99A364322B216EC0005C1B7A /* LaunchScreen.storyboard */ = {
			isa = PBXVariantGroup;
			children = (
				99A364332B216EC0005C1B7A /* Base */,
			);
			name = LaunchScreen.storyboard;
			sourceTree = "<group>";
		};
/* End PBXVariantGroup section */

/* Begin XCBuildConfiguration section */
		99A364362B216EC0005C1B7A /* Debug */ = {
			isa = XCBuildConfiguration;
			buildSettings = {
				ALWAYS_SEARCH_USER_PATHS = NO;
				ASSETCATALOG_COMPILER_GENERATE_SWIFT_ASSET_SYMBOL_EXTENSIONS = YES;
				CLANG_ANALYZER_NONNULL = YES;
				CLANG_ANALYZER_NUMBER_OBJECT_CONVERSION = YES_AGGRESSIVE;
				CLANG_CXX_LANGUAGE_STANDARD = "gnu++20";
				CLANG_ENABLE_MODULES = YES;
				CLANG_ENABLE_OBJC_ARC = YES;
				CLANG_ENABLE_OBJC_WEAK = YES;
				CLANG_WARN_BLOCK_CAPTURE_AUTORELEASING = YES;
				CLANG_WARN_BOOL_CONVERSION = YES;
				CLANG_WARN_COMMA = YES;
				CLANG_WARN_CONSTANT_CONVERSION = YES;
				CLANG_WARN_DEPRECATED_OBJC_IMPLEMENTATIONS = YES;
				CLANG_WARN_DIRECT_OBJC_ISA_USAGE = YES_ERROR;
				CLANG_WARN_DOCUMENTATION_COMMENTS = YES;
				CLANG_WARN_EMPTY_BODY = YES;
				CLANG_WARN_ENUM_CONVERSION = YES;
				CLANG_WARN_INFINITE_RECURSION = YES;
				CLANG_WARN_INT_CONVERSION = YES;
				CLANG_WARN_NON_LITERAL_NULL_CONVERSION = YES;
				CLANG_WARN_OBJC_IMPLICIT_RETAIN_SELF = YES;
				CLANG_WARN_OBJC_LITERAL_CONVERSION = YES;
				CLANG_WARN_OBJC_ROOT_CLASS = YES_ERROR;
				CLANG_WARN_QUOTED_INCLUDE_IN_FRAMEWORK_HEADER = YES;
				CLANG_WARN_RANGE_LOOP_ANALYSIS = YES;
				CLANG_WARN_STRICT_PROTOTYPES = YES;
				CLANG_WARN_SUSPICIOUS_MOVE = YES;
				CLANG_WARN_UNGUARDED_AVAILABILITY = YES_AGGRESSIVE;
				CLANG_WARN_UNREACHABLE_CODE = YES;
				CLANG_WARN__DUPLICATE_METHOD_MATCH = YES;
				COPY_PHASE_STRIP = NO;
				DEBUG_INFORMATION_FORMAT = dwarf;
				ENABLE_STRICT_OBJC_MSGSEND = YES;
				ENABLE_TESTABILITY = YES;
				ENABLE_USER_SCRIPT_SANDBOXING = YES;
				GCC_C_LANGUAGE_STANDARD = gnu17;
				GCC_DYNAMIC_NO_PIC = NO;
				GCC_NO_COMMON_BLOCKS = YES;
				GCC_OPTIMIZATION_LEVEL = 0;
				GCC_PREPROCESSOR_DEFINITIONS = (
					"DEBUG=1",
					"$(inherited)",
				);
				GCC_WARN_64_TO_32_BIT_CONVERSION = YES;
				GCC_WARN_ABOUT_RETURN_TYPE = YES_ERROR;
				GCC_WARN_UNDECLARED_SELECTOR = YES;
				GCC_WARN_UNINITIALIZED_AUTOS = YES_AGGRESSIVE;
				GCC_WARN_UNUSED_FUNCTION = YES;
				GCC_WARN_UNUSED_VARIABLE = YES;
				IPHONEOS_DEPLOYMENT_TARGET = 17.0;
				LOCALIZATION_PREFERS_STRING_CATALOGS = YES;
				MTL_ENABLE_DEBUG_INFO = INCLUDE_SOURCE;
				MTL_FAST_MATH = YES;
				ONLY_ACTIVE_ARCH = YES;
				SDKROOT = iphoneos;
				SWIFT_ACTIVE_COMPILATION_CONDITIONS = "DEBUG $(inherited)";
				SWIFT_OPTIMIZATION_LEVEL = "-Onone";
			};
			name = Debug;
		};
		99A364372B216EC0005C1B7A /* Release */ = {
			isa = XCBuildConfiguration;
			buildSettings = {
				ALWAYS_SEARCH_USER_PATHS = NO;
				ASSETCATALOG_COMPILER_GENERATE_SWIFT_ASSET_SYMBOL_EXTENSIONS = YES;
				CLANG_ANALYZER_NONNULL = YES;
				CLANG_ANALYZER_NUMBER_OBJECT_CONVERSION = YES_AGGRESSIVE;
				CLANG_CXX_LANGUAGE_STANDARD = "gnu++20";
				CLANG_ENABLE_MODULES = YES;
				CLANG_ENABLE_OBJC_ARC = YES;
				CLANG_ENABLE_OBJC_WEAK = YES;
				CLANG_WARN_BLOCK_CAPTURE_AUTORELEASING = YES;
				CLANG_WARN_BOOL_CONVERSION = YES;
				CLANG_WARN_COMMA = YES;
				CLANG_WARN_CONSTANT_CONVERSION = YES;
				CLANG_WARN_DEPRECATED_OBJC_IMPLEMENTATIONS = YES;
				CLANG_WARN_DIRECT_OBJC_ISA_USAGE = YES_ERROR;
				CLANG_WARN_DOCUMENTATION_COMMENTS = YES;
				CLANG_WARN_EMPTY_BODY = YES;
				CLANG_WARN_ENUM_CONVERSION = YES;
				CLANG_WARN_INFINITE_RECURSION = YES;
				CLANG_WARN_INT_CONVERSION = YES;
				CLANG_WARN_NON_LITERAL_NULL_CONVERSION = YES;
				CLANG_WARN_OBJC_IMPLICIT_RETAIN_SELF = YES;
				CLANG_WARN_OBJC_LITERAL_CONVERSION = YES;
				CLANG_WARN_OBJC_ROOT_CLASS = YES_ERROR;
				CLANG_WARN_QUOTED_INCLUDE_IN_FRAMEWORK_HEADER = YES;
				CLANG_WARN_RANGE_LOOP_ANALYSIS = YES;
				CLANG_WARN_STRICT_PROTOTYPES = YES;
				CLANG_WARN_SUSPICIOUS_MOVE = YES;
				CLANG_WARN_UNGUARDED_AVAILABILITY = YES_AGGRESSIVE;
				CLANG_WARN_UNREACHABLE_CODE = YES;
				CLANG_WARN__DUPLICATE_METHOD_MATCH = YES;
				COPY_PHASE_STRIP = NO;
				DEBUG_INFORMATION_FORMAT = "dwarf-with-dsym";
				ENABLE_NS_ASSERTIONS = NO;
				ENABLE_STRICT_OBJC_MSGSEND = YES;
				ENABLE_USER_SCRIPT_SANDBOXING = YES;
				GCC_C_LANGUAGE_STANDARD = gnu17;
				GCC_NO_COMMON_BLOCKS = YES;
				GCC_WARN_64_TO_32_BIT_CONVERSION = YES;
				GCC_WARN_ABOUT_RETURN_TYPE = YES_ERROR;
				GCC_WARN_UNDECLARED_SELECTOR = YES;
				GCC_WARN_UNINITIALIZED_AUTOS = YES_AGGRESSIVE;
				GCC_WARN_UNUSED_FUNCTION = YES;
				GCC_WARN_UNUSED_VARIABLE = YES;
				IPHONEOS_DEPLOYMENT_TARGET = 17.0;
				LOCALIZATION_PREFERS_STRING_CATALOGS = YES;
				MTL_ENABLE_DEBUG_INFO = NO;
				MTL_FAST_MATH = YES;
				SDKROOT = iphoneos;
				SWIFT_COMPILATION_MODE = wholemodule;
				VALIDATE_PRODUCT = YES;
			};
			name = Release;
		};
		99A364392B216EC0005C1B7A /* Debug */ = {
			isa = XCBuildConfiguration;
			buildSettings = {
				ASSETCATALOG_COMPILER_APPICON_NAME = AppIcon;
				ASSETCATALOG_COMPILER_GLOBAL_ACCENT_COLOR_NAME = AccentColor;
				CODE_SIGN_STYLE = Automatic;
				CURRENT_PROJECT_VERSION = 1;
				DEVELOPMENT_TEAM = 8CKPNKA3V9;
				GENERATE_INFOPLIST_FILE = YES;
				INFOPLIST_FILE = TableViewCode/Info.plist;
				INFOPLIST_KEY_UIApplicationSupportsIndirectInputEvents = YES;
				INFOPLIST_KEY_UILaunchStoryboardName = LaunchScreen;
				INFOPLIST_KEY_UIMainStoryboardFile = Main;
				INFOPLIST_KEY_UISupportedInterfaceOrientations_iPad = "UIInterfaceOrientationLandscapeLeft UIInterfaceOrientationLandscapeRight UIInterfaceOrientationPortrait UIInterfaceOrientationPortraitUpsideDown";
				IPHONEOS_DEPLOYMENT_TARGET = 13.5;
				LD_RUNPATH_SEARCH_PATHS = (
					"$(inherited)",
					"@executable_path/Frameworks",
				);
				MARKETING_VERSION = 1.0;
				PRODUCT_BUNDLE_IDENTIFIER = com.Ben.TableViewCode;
				PRODUCT_NAME = "$(TARGET_NAME)";
				SUPPORTED_PLATFORMS = "iphoneos iphonesimulator";
				SUPPORTS_MACCATALYST = NO;
				SUPPORTS_MAC_DESIGNED_FOR_IPHONE_IPAD = NO;
				SWIFT_EMIT_LOC_STRINGS = YES;
				SWIFT_VERSION = 5.0;
				TARGETED_DEVICE_FAMILY = 1;
			};
			name = Debug;
		};
		99A3643A2B216EC0005C1B7A /* Release */ = {
			isa = XCBuildConfiguration;
			buildSettings = {
				ASSETCATALOG_COMPILER_APPICON_NAME = AppIcon;
				ASSETCATALOG_COMPILER_GLOBAL_ACCENT_COLOR_NAME = AccentColor;
				CODE_SIGN_STYLE = Automatic;
				CURRENT_PROJECT_VERSION = 1;
				DEVELOPMENT_TEAM = 8CKPNKA3V9;
				GENERATE_INFOPLIST_FILE = YES;
				INFOPLIST_FILE = TableViewCode/Info.plist;
				INFOPLIST_KEY_UIApplicationSupportsIndirectInputEvents = YES;
				INFOPLIST_KEY_UILaunchStoryboardName = LaunchScreen;
				INFOPLIST_KEY_UIMainStoryboardFile = Main;
				INFOPLIST_KEY_UISupportedInterfaceOrientations_iPad = "UIInterfaceOrientationLandscapeLeft UIInterfaceOrientationLandscapeRight UIInterfaceOrientationPortrait UIInterfaceOrientationPortraitUpsideDown";
				IPHONEOS_DEPLOYMENT_TARGET = 13.5;
				LD_RUNPATH_SEARCH_PATHS = (
					"$(inherited)",
					"@executable_path/Frameworks",
				);
				MARKETING_VERSION = 1.0;
				PRODUCT_BUNDLE_IDENTIFIER = com.Ben.TableViewCode;
				PRODUCT_NAME = "$(TARGET_NAME)";
				SUPPORTED_PLATFORMS = "iphoneos iphonesimulator";
				SUPPORTS_MACCATALYST = NO;
				SUPPORTS_MAC_DESIGNED_FOR_IPHONE_IPAD = NO;
				SWIFT_EMIT_LOC_STRINGS = YES;
				SWIFT_VERSION = 5.0;
				TARGETED_DEVICE_FAMILY = 1;
			};
			name = Release;
		};
/* End XCBuildConfiguration section */

/* Begin XCConfigurationList section */
		99A3641F2B216EBE005C1B7A /* Build configuration list for PBXProject "TableViewCode" */ = {
			isa = XCConfigurationList;
			buildConfigurations = (
				99A364362B216EC0005C1B7A /* Debug */,
				99A364372B216EC0005C1B7A /* Release */,
			);
			defaultConfigurationIsVisible = 0;
			defaultConfigurationName = Release;
		};
		99A364382B216EC0005C1B7A /* Build configuration list for PBXNativeTarget "TableViewCode" */ = {
			isa = XCConfigurationList;
			buildConfigurations = (
				99A364392B216EC0005C1B7A /* Debug */,
				99A3643A2B216EC0005C1B7A /* Release */,
			);
			defaultConfigurationIsVisible = 0;
			defaultConfigurationName = Release;
		};
/* End XCConfigurationList section */
	};
	rootObject = 99A3641C2B216EBE005C1B7A /* Project object */;
}
